
Microsoft Visual Studio Solution File, Format Version 12.00
# Visual Studio 2013
VisualStudioVersion = 12.0.21005.1
MinimumVisualStudioVersion = 10.0.40219.1
Project("{FAE04EC0-301F-11D3-BF4B-00C04F79EFBC}") = "BankService", "BankService.csproj", "{CBB03F20-4529-4887-9B1F-DD3236D81AAF}"
EndProject
Project("{FAE04EC0-301F-11D3-BF4B-00C04F79EFBC}") = "K3com", "D:\H2O\K3com\K3com.csproj", "{0ABC8548-2F44-441E-9623-33DA7AB565C1}"
EndProject
Global
	GlobalSection(SolutionConfigurationPlatforms) = preSolution
		Debug|Any CPU = Debug|Any CPU
		Release|Any CPU = Release|Any CPU
	EndGlobalSection
	GlobalSection(ProjectConfigurationPlatforms) = postSolution
		{CBB03F20-4529-4887-9B1F-DD3236D81AAF}.Debug|Any CPU.ActiveCfg = Debug|Any CPU
		{CBB03F20-4529-4887-9B1F-DD3236D81AAF}.Debug|Any CPU.Build.0 = Debug|Any CPU
		{CBB03F20-4529-4887-9B1F-DD3236D81AAF}.Release|Any CPU.ActiveCfg = Release|Any CPU
		{CBB03F20-4529-4887-9B1F-DD3236D81AAF}.Release|Any CPU.Build.0 = Release|Any CPU
		{0ABC8548-2F44-441E-9623-33DA7AB565C1}.Debug|Any CPU.ActiveCfg = Debug|Any CPU
		{0ABC8548-2F44-441E-9623-33DA7AB565C1}.Debug|Any CPU.Build.0 = Debug|Any CPU
		{0ABC8548-2F44-441E-9623-33DA7AB565C1}.Release|Any CPU.ActiveCfg = Release|Any CPU
		{0ABC8548-2F44-441E-9623-33DA7AB565C1}.Release|Any CPU.Build.0 = Release|Any CPU
	EndGlobalSection
	GlobalSection(SolutionProperties) = preSolution
		HideSolutionNode = FALSE
	EndGlobalSection
EndGlobal
